PODS:
  - ASIHTTPRequest (1.8.2):
    - ASIHTTPRequest/ASIWebPageRequest (= 1.8.2)
    - ASIHTTPRequest/CloudFiles (= 1.8.2)
    - ASIHTTPRequest/Core (= 1.8.2)
    - ASIHTTPRequest/S3 (= 1.8.2)
  - ASIHTTPRequest/ASIWebPageRequest (1.8.2):
    - ASIHTTPRequest/Core
  - ASIHTTPRequest/CloudFiles (1.8.2):
    - ASIHTTPRequest/Core
  - ASIHTTPRequest/Core (1.8.2):
    - Reachability
  - ASIHTTPRequest/S3 (1.8.2):
    - ASIHTTPRequest/Core
  - MBFileDownloader (0.2)
  - QuickBlox (2.7.4)
  - Reachability (3.2)
  - SAMWeak (0.0.1)

DEPENDENCIES:
  - ASIHTTPRequest
  - MBFileDownloader
  - QuickBlox
  - SAMWeak

SPEC CHECKSUMS:
  ASIHTTPRequest: ec013992946676b7978dcbde6396d57312d21db4
  MBFileDownloader: 7c2d63fbc9da3f973102540641963c49e00173ff
  QuickBlox: 226ea4575090970e9b0e015f940b9b6e9b60ca09
  Reachability: 33e18b67625424e47b6cde6d202dce689ad7af96
  SAMWeak: f0f307c4d827adfba0e3faabc91800c91568a190

PODFILE CHECKSUM: ed4ded773b8f20b7d600627c2e82365a835615aa

COCOAPODS: 1.3.1
