// !$*UTF8*$!
{
	archiveVersion = 1;
	classes = {
	};
	objectVersion = 46;
	objects = {

/* Begin PBXBuildFile section */
		10214BAA95FED56452A95A05 /* Pods_ios_quickblox_file_uploader_downloaderTests.framework in Frameworks */ = {isa = PBXBuildFile; fileRef = 0B74534DEEAA5778CA16CCCB /* Pods_ios_quickblox_file_uploader_downloaderTests.framework */; };
		6D64CCE21ADC395900E3D1D3 /* main.m in Sources */ = {isa = PBXBuildFile; fileRef = 6D64CCE11ADC395900E3D1D3 /* main.m */; };
		6D64CCE51ADC395900E3D1D3 /* AppDelegate.m in Sources */ = {isa = PBXBuildFile; fileRef = 6D64CCE41ADC395900E3D1D3 /* AppDelegate.m */; };
		6D64CCE81ADC395900E3D1D3 /* ViewController.m in Sources */ = {isa = PBXBuildFile; fileRef = 6D64CCE71ADC395900E3D1D3 /* ViewController.m */; };
		6D64CCEB1ADC395900E3D1D3 /* Main.storyboard in Resources */ = {isa = PBXBuildFile; fileRef = 6D64CCE91ADC395900E3D1D3 /* Main.storyboard */; };
		6D64CCED1ADC395900E3D1D3 /* Images.xcassets in Resources */ = {isa = PBXBuildFile; fileRef = 6D64CCEC1ADC395900E3D1D3 /* Images.xcassets */; };
		6D64CCF01ADC395900E3D1D3 /* LaunchScreen.xib in Resources */ = {isa = PBXBuildFile; fileRef = 6D64CCEE1ADC395900E3D1D3 /* LaunchScreen.xib */; };
		6D64CCFC1ADC395900E3D1D3 /* ios_quickblox_file_uploader_downloaderTests.m in Sources */ = {isa = PBXBuildFile; fileRef = 6D64CCFB1ADC395900E3D1D3 /* ios_quickblox_file_uploader_downloaderTests.m */; };
		6D64CD071ADC3BE700E3D1D3 /* QuickBloxManager.m in Sources */ = {isa = PBXBuildFile; fileRef = 6D64CD061ADC3BE700E3D1D3 /* QuickBloxManager.m */; };
		6D64CD0A1ADC436000E3D1D3 /* 1.jpg in Resources */ = {isa = PBXBuildFile; fileRef = 6D64CD081ADC436000E3D1D3 /* 1.jpg */; };
		6D64CD0B1ADC436000E3D1D3 /* 2.jpg in Resources */ = {isa = PBXBuildFile; fileRef = 6D64CD091ADC436000E3D1D3 /* 2.jpg */; };
		845EBDA14BD5E8DB4E31E244 /* Pods_ios_quickblox_file_uploader_downloader.framework in Frameworks */ = {isa = PBXBuildFile; fileRef = EEEF811BDF8F8F3683897E61 /* Pods_ios_quickblox_file_uploader_downloader.framework */; };
/* End PBXBuildFile section */

/* Begin PBXContainerItemProxy section */
		6D64CCF61ADC395900E3D1D3 /* PBXContainerItemProxy */ = {
			isa = PBXContainerItemProxy;
			containerPortal = 6D64CCD41ADC395900E3D1D3 /* Project object */;
			proxyType = 1;
			remoteGlobalIDString = 6D64CCDB1ADC395900E3D1D3;
			remoteInfo = ios_quickblox_file_uploader_downloader;
		};
/* End PBXContainerItemProxy section */

/* Begin PBXFileReference section */
		08CD200E509C603A6B476847 /* Pods-ios_quickblox_file_uploader_downloader.debug.xcconfig */ = {isa = PBXFileReference; includeInIndex = 1; lastKnownFileType = text.xcconfig; name = "Pods-ios_quickblox_file_uploader_downloader.debug.xcconfig"; path = "Pods/Target Support Files/Pods-ios_quickblox_file_uploader_downloader/Pods-ios_quickblox_file_uploader_downloader.debug.xcconfig"; sourceTree = "<group>"; };
		0903D8B987AFB7D6EC39A8F7 /* Pods-ios_quickblox_file_uploader_downloaderTests.debug.xcconfig */ = {isa = PBXFileReference; includeInIndex = 1; lastKnownFileType = text.xcconfig; name = "Pods-ios_quickblox_file_uploader_downloaderTests.debug.xcconfig"; path = "Pods/Target Support Files/Pods-ios_quickblox_file_uploader_downloaderTests/Pods-ios_quickblox_file_uploader_downloaderTests.debug.xcconfig"; sourceTree = "<group>"; };
		0B74534DEEAA5778CA16CCCB /* Pods_ios_quickblox_file_uploader_downloaderTests.framework */ = {isa = PBXFileReference; explicitFileType = wrapper.framework; includeInIndex = 0; path = Pods_ios_quickblox_file_uploader_downloaderTests.framework; sourceTree = BUILT_PRODUCTS_DIR; };
		33CD38D45C46FE193A6A632D /* Pods-ios_quickblox_file_uploader_downloaderTests.release.xcconfig */ = {isa = PBXFileReference; includeInIndex = 1; lastKnownFileType = text.xcconfig; name = "Pods-ios_quickblox_file_uploader_downloaderTests.release.xcconfig"; path = "Pods/Target Support Files/Pods-ios_quickblox_file_uploader_downloaderTests/Pods-ios_quickblox_file_uploader_downloaderTests.release.xcconfig"; sourceTree = "<group>"; };
		6D64CCDC1ADC395900E3D1D3 /* ios_quickblox_file_uploader_downloader.app */ = {isa = PBXFileReference; explicitFileType = wrapper.application; includeInIndex = 0; path = ios_quickblox_file_uploader_downloader.app; sourceTree = BUILT_PRODUCTS_DIR; };
		6D64CCE01ADC395900E3D1D3 /* Info.plist */ = {isa = PBXFileReference; lastKnownFileType = text.plist.xml; path = Info.plist; sourceTree = "<group>"; };
		6D64CCE11ADC395900E3D1D3 /* main.m */ = {isa = PBXFileReference; lastKnownFileType = sourcecode.c.objc; path = main.m; sourceTree = "<group>"; };
		6D64CCE31ADC395900E3D1D3 /* AppDelegate.h */ = {isa = PBXFileReference; lastKnownFileType = sourcecode.c.h; path = AppDelegate.h; sourceTree = "<group>"; };
		6D64CCE41ADC395900E3D1D3 /* AppDelegate.m */ = {isa = PBXFileReference; lastKnownFileType = sourcecode.c.objc; path = AppDelegate.m; sourceTree = "<group>"; };
		6D64CCE61ADC395900E3D1D3 /* ViewController.h */ = {isa = PBXFileReference; lastKnownFileType = sourcecode.c.h; path = ViewController.h; sourceTree = "<group>"; };
		6D64CCE71ADC395900E3D1D3 /* ViewController.m */ = {isa = PBXFileReference; lastKnownFileType = sourcecode.c.objc; path = ViewController.m; sourceTree = "<group>"; };
		6D64CCEA1ADC395900E3D1D3 /* Base */ = {isa = PBXFileReference; lastKnownFileType = file.storyboard; name = Base; path = Base.lproj/Main.storyboard; sourceTree = "<group>"; };
		6D64CCEC1ADC395900E3D1D3 /* Images.xcassets */ = {isa = PBXFileReference; lastKnownFileType = folder.assetcatalog; path = Images.xcassets; sourceTree = "<group>"; };
		6D64CCEF1ADC395900E3D1D3 /* Base */ = {isa = PBXFileReference; lastKnownFileType = file.xib; name = Base; path = Base.lproj/LaunchScreen.xib; sourceTree = "<group>"; };
		6D64CCF51ADC395900E3D1D3 /* ios_quickblox_file_uploader_downloaderTests.xctest */ = {isa = PBXFileReference; explicitFileType = wrapper.cfbundle; includeInIndex = 0; path = ios_quickblox_file_uploader_downloaderTests.xctest; sourceTree = BUILT_PRODUCTS_DIR; };
		6D64CCFA1ADC395900E3D1D3 /* Info.plist */ = {isa = PBXFileReference; lastKnownFileType = text.plist.xml; path = Info.plist; sourceTree = "<group>"; };
		6D64CCFB1ADC395900E3D1D3 /* ios_quickblox_file_uploader_downloaderTests.m */ = {isa = PBXFileReference; lastKnownFileType = sourcecode.c.objc; path = ios_quickblox_file_uploader_downloaderTests.m; sourceTree = "<group>"; };
		6D64CD051ADC3BE700E3D1D3 /* QuickBloxManager.h */ = {isa = PBXFileReference; fileEncoding = 4; lastKnownFileType = sourcecode.c.h; path = QuickBloxManager.h; sourceTree = "<group>"; };
		6D64CD061ADC3BE700E3D1D3 /* QuickBloxManager.m */ = {isa = PBXFileReference; fileEncoding = 4; lastKnownFileType = sourcecode.c.objc; path = QuickBloxManager.m; sourceTree = "<group>"; };
		6D64CD081ADC436000E3D1D3 /* 1.jpg */ = {isa = PBXFileReference; lastKnownFileType = image.jpeg; path = 1.jpg; sourceTree = "<group>"; };
		6D64CD091ADC436000E3D1D3 /* 2.jpg */ = {isa = PBXFileReference; lastKnownFileType = image.jpeg; path = 2.jpg; sourceTree = "<group>"; };
		E325E2BF4C2036940E1DF424 /* Pods-ios_quickblox_file_uploader_downloader.release.xcconfig */ = {isa = PBXFileReference; includeInIndex = 1; lastKnownFileType = text.xcconfig; name = "Pods-ios_quickblox_file_uploader_downloader.release.xcconfig"; path = "Pods/Target Support Files/Pods-ios_quickblox_file_uploader_downloader/Pods-ios_quickblox_file_uploader_downloader.release.xcconfig"; sourceTree = "<group>"; };
		EEEF811BDF8F8F3683897E61 /* Pods_ios_quickblox_file_uploader_downloader.framework */ = {isa = PBXFileReference; explicitFileType = wrapper.framework; includeInIndex = 0; path = Pods_ios_quickblox_file_uploader_downloader.framework; sourceTree = BUILT_PRODUCTS_DIR; };
/* End PBXFileReference section */

/* Begin PBXFrameworksBuildPhase section */
		6D64CCD91ADC395900E3D1D3 /* Frameworks */ = {
			isa = PBXFrameworksBuildPhase;
			buildActionMask = 2147483647;
			files = (
				845EBDA14BD5E8DB4E31E244 /* Pods_ios_quickblox_file_uploader_downloader.framework in Frameworks */,
			);
			runOnlyForDeploymentPostprocessing = 0;
		};
		6D64CCF21ADC395900E3D1D3 /* Frameworks */ = {
			isa = PBXFrameworksBuildPhase;
			buildActionMask = 2147483647;
			files = (
				10214BAA95FED56452A95A05 /* Pods_ios_quickblox_file_uploader_downloaderTests.framework in Frameworks */,
			);
			runOnlyForDeploymentPostprocessing = 0;
		};
/* End PBXFrameworksBuildPhase section */

/* Begin PBXGroup section */
		1952E90CDC921872B9D1D450 /* Pods */ = {
			isa = PBXGroup;
			children = (
				08CD200E509C603A6B476847 /* Pods-ios_quickblox_file_uploader_downloader.debug.xcconfig */,
				E325E2BF4C2036940E1DF424 /* Pods-ios_quickblox_file_uploader_downloader.release.xcconfig */,
				0903D8B987AFB7D6EC39A8F7 /* Pods-ios_quickblox_file_uploader_downloaderTests.debug.xcconfig */,
				33CD38D45C46FE193A6A632D /* Pods-ios_quickblox_file_uploader_downloaderTests.release.xcconfig */,
			);
			name = Pods;
			sourceTree = "<group>";
		};
		6D64CCD31ADC395900E3D1D3 = {
			isa = PBXGroup;
			children = (
				6D64CCDE1ADC395900E3D1D3 /* ios_quickblox_file_uploader_downloader */,
				6D64CCF81ADC395900E3D1D3 /* ios_quickblox_file_uploader_downloaderTests */,
				6D64CCDD1ADC395900E3D1D3 /* Products */,
				1952E90CDC921872B9D1D450 /* Pods */,
				86CCA6D295FC70A40BCE7035 /* Frameworks */,
			);
			sourceTree = "<group>";
		};
		6D64CCDD1ADC395900E3D1D3 /* Products */ = {
			isa = PBXGroup;
			children = (
				6D64CCDC1ADC395900E3D1D3 /* ios_quickblox_file_uploader_downloader.app */,
				6D64CCF51ADC395900E3D1D3 /* ios_quickblox_file_uploader_downloaderTests.xctest */,
			);
			name = Products;
			sourceTree = "<group>";
		};
		6D64CCDE1ADC395900E3D1D3 /* ios_quickblox_file_uploader_downloader */ = {
			isa = PBXGroup;
			children = (
				6D64CD081ADC436000E3D1D3 /* 1.jpg */,
				6D64CD091ADC436000E3D1D3 /* 2.jpg */,
				6D64CD051ADC3BE700E3D1D3 /* QuickBloxManager.h */,
				6D64CD061ADC3BE700E3D1D3 /* QuickBloxManager.m */,
				6D64CCE31ADC395900E3D1D3 /* AppDelegate.h */,
				6D64CCE41ADC395900E3D1D3 /* AppDelegate.m */,
				6D64CCE61ADC395900E3D1D3 /* ViewController.h */,
				6D64CCE71ADC395900E3D1D3 /* ViewController.m */,
				6D64CCE91ADC395900E3D1D3 /* Main.storyboard */,
				6D64CCEC1ADC395900E3D1D3 /* Images.xcassets */,
				6D64CCEE1ADC395900E3D1D3 /* LaunchScreen.xib */,
				6D64CCDF1ADC395900E3D1D3 /* Supporting Files */,
			);
			path = ios_quickblox_file_uploader_downloader;
			sourceTree = "<group>";
		};
		6D64CCDF1ADC395900E3D1D3 /* Supporting Files */ = {
			isa = PBXGroup;
			children = (
				6D64CCE01ADC395900E3D1D3 /* Info.plist */,
				6D64CCE11ADC395900E3D1D3 /* main.m */,
			);
			name = "Supporting Files";
			sourceTree = "<group>";
		};
		6D64CCF81ADC395900E3D1D3 /* ios_quickblox_file_uploader_downloaderTests */ = {
			isa = PBXGroup;
			children = (
				6D64CCFB1ADC395900E3D1D3 /* ios_quickblox_file_uploader_downloaderTests.m */,
				6D64CCF91ADC395900E3D1D3 /* Supporting Files */,
			);
			path = ios_quickblox_file_uploader_downloaderTests;
			sourceTree = "<group>";
		};
		6D64CCF91ADC395900E3D1D3 /* Supporting Files */ = {
			isa = PBXGroup;
			children = (
				6D64CCFA1ADC395900E3D1D3 /* Info.plist */,
			);
			name = "Supporting Files";
			sourceTree = "<group>";
		};
		86CCA6D295FC70A40BCE7035 /* Frameworks */ = {
			isa = PBXGroup;
			children = (
				EEEF811BDF8F8F3683897E61 /* Pods_ios_quickblox_file_uploader_downloader.framework */,
				0B74534DEEAA5778CA16CCCB /* Pods_ios_quickblox_file_uploader_downloaderTests.framework */,
			);
			name = Frameworks;
			sourceTree = "<group>";
		};
/* End PBXGroup section */

/* Begin PBXNativeTarget section */
		6D64CCDB1ADC395900E3D1D3 /* ios_quickblox_file_uploader_downloader */ = {
			isa = PBXNativeTarget;
			buildConfigurationList = 6D64CCFF1ADC395900E3D1D3 /* Build configuration list for PBXNativeTarget "ios_quickblox_file_uploader_downloader" */;
			buildPhases = (
				895BB4E7D9EC15CB46FE4303 /* [CP] Check Pods Manifest.lock */,
				6D64CCD81ADC395900E3D1D3 /* Sources */,
				6D64CCD91ADC395900E3D1D3 /* Frameworks */,
				6D64CCDA1ADC395900E3D1D3 /* Resources */,
				A50EA1D3463DC0E6BB672A46 /* [CP] Embed Pods Frameworks */,
				AD2CCD2AE086A714FD319F13 /* [CP] Copy Pods Resources */,
			);
			buildRules = (
			);
			dependencies = (
			);
			name = ios_quickblox_file_uploader_downloader;
			productName = ios_quickblox_file_uploader_downloader;
			productReference = 6D64CCDC1ADC395900E3D1D3 /* ios_quickblox_file_uploader_downloader.app */;
			productType = "com.apple.product-type.application";
		};
		6D64CCF41ADC395900E3D1D3 /* ios_quickblox_file_uploader_downloaderTests */ = {
			isa = PBXNativeTarget;
			buildConfigurationList = 6D64CD021ADC395900E3D1D3 /* Build configuration list for PBXNativeTarget "ios_quickblox_file_uploader_downloaderTests" */;
			buildPhases = (
				5CA11E28E016F711C1FAF58F /* [CP] Check Pods Manifest.lock */,
				6D64CCF11ADC395900E3D1D3 /* Sources */,
				6D64CCF21ADC395900E3D1D3 /* Frameworks */,
				6D64CCF31ADC395900E3D1D3 /* Resources */,
				B284920CEB3C876C9BA15EF2 /* [CP] Embed Pods Frameworks */,
				DD196313FF030C8EEEBBEC85 /* [CP] Copy Pods Resources */,
			);
			buildRules = (
			);
			dependencies = (
				6D64CCF71ADC395900E3D1D3 /* PBXTargetDependency */,
			);
			name = ios_quickblox_file_uploader_downloaderTests;
			productName = ios_quickblox_file_uploader_downloaderTests;
			productReference = 6D64CCF51ADC395900E3D1D3 /* ios_quickblox_file_uploader_downloaderTests.xctest */;
			productType = "com.apple.product-type.bundle.unit-test";
		};
/* End PBXNativeTarget section */

/* Begin PBXProject section */
		6D64CCD41ADC395900E3D1D3 /* Project object */ = {
			isa = PBXProject;
			attributes = {
				LastUpgradeCheck = 0900;
				ORGANIZATIONNAME = "Maxim Bilan";
				TargetAttributes = {
					6D64CCDB1ADC395900E3D1D3 = {
						CreatedOnToolsVersion = 6.3;
					};
					6D64CCF41ADC395900E3D1D3 = {
						CreatedOnToolsVersion = 6.3;
						TestTargetID = 6D64CCDB1ADC395900E3D1D3;
					};
				};
			};
			buildConfigurationList = 6D64CCD71ADC395900E3D1D3 /* Build configuration list for PBXProject "ios_quickblox_file_uploader_downloader" */;
			compatibilityVersion = "Xcode 3.2";
			developmentRegion = English;
			hasScannedForEncodings = 0;
			knownRegions = (
				en,
				Base,
			);
			mainGroup = 6D64CCD31ADC395900E3D1D3;
			productRefGroup = 6D64CCDD1ADC395900E3D1D3 /* Products */;
			projectDirPath = "";
			projectRoot = "";
			targets = (
				6D64CCDB1ADC395900E3D1D3 /* ios_quickblox_file_uploader_downloader */,
				6D64CCF41ADC395900E3D1D3 /* ios_quickblox_file_uploader_downloaderTests */,
			);
		};
/* End PBXProject section */

/* Begin PBXResourcesBuildPhase section */
		6D64CCDA1ADC395900E3D1D3 /* Resources */ = {
			isa = PBXResourcesBuildPhase;
			buildActionMask = 2147483647;
			files = (
				6D64CCEB1ADC395900E3D1D3 /* Main.storyboard in Resources */,
				6D64CD0A1ADC436000E3D1D3 /* 1.jpg in Resources */,
				6D64CD0B1ADC436000E3D1D3 /* 2.jpg in Resources */,
				6D64CCF01ADC395900E3D1D3 /* LaunchScreen.xib in Resources */,
				6D64CCED1ADC395900E3D1D3 /* Images.xcassets in Resources */,
			);
			runOnlyForDeploymentPostprocessing = 0;
		};
		6D64CCF31ADC395900E3D1D3 /* Resources */ = {
			isa = PBXResourcesBuildPhase;
			buildActionMask = 2147483647;
			files = (
			);
			runOnlyForDeploymentPostprocessing = 0;
		};
/* End PBXResourcesBuildPhase section */

/* Begin PBXShellScriptBuildPhase section */
		5CA11E28E016F711C1FAF58F /* [CP] Check Pods Manifest.lock */ = {
			isa = PBXShellScriptBuildPhase;
			buildActionMask = 2147483647;
			files = (
			);
			inputPaths = (
				"${PODS_PODFILE_DIR_PATH}/Podfile.lock",
				"${PODS_ROOT}/Manifest.lock",
			);
			name = "[CP] Check Pods Manifest.lock";
			outputPaths = (
				"$(DERIVED_FILE_DIR)/Pods-ios_quickblox_file_uploader_downloaderTests-checkManifestLockResult.txt",
			);
			runOnlyForDeploymentPostprocessing = 0;
			shellPath = /bin/sh;
			shellScript = "diff \"${PODS_PODFILE_DIR_PATH}/Podfile.lock\" \"${PODS_ROOT}/Manifest.lock\" > /dev/null\nif [ $? != 0 ] ; then\n    # print error to STDERR\n    echo \"error: The sandbox is not in sync with the Podfile.lock. Run 'pod install' or update your CocoaPods installation.\" >&2\n    exit 1\nfi\n# This output is used by Xcode 'outputs' to avoid re-running this script phase.\necho \"SUCCESS\" > \"${SCRIPT_OUTPUT_FILE_0}\"\n";
			showEnvVarsInLog = 0;
		};
		895BB4E7D9EC15CB46FE4303 /* [CP] Check Pods Manifest.lock */ = {
			isa = PBXShellScriptBuildPhase;
			buildActionMask = 2147483647;
			files = (
			);
			inputPaths = (
				"${PODS_PODFILE_DIR_PATH}/Podfile.lock",
				"${PODS_ROOT}/Manifest.lock",
			);
			name = "[CP] Check Pods Manifest.lock";
			outputPaths = (
				"$(DERIVED_FILE_DIR)/Pods-ios_quickblox_file_uploader_downloader-checkManifestLockResult.txt",
			);
			runOnlyForDeploymentPostprocessing = 0;
			shellPath = /bin/sh;
			shellScript = "diff \"${PODS_PODFILE_DIR_PATH}/Podfile.lock\" \"${PODS_ROOT}/Manifest.lock\" > /dev/null\nif [ $? != 0 ] ; then\n    # print error to STDERR\n    echo \"error: The sandbox is not in sync with the Podfile.lock. Run 'pod install' or update your CocoaPods installation.\" >&2\n    exit 1\nfi\n# This output is used by Xcode 'outputs' to avoid re-running this script phase.\necho \"SUCCESS\" > \"${SCRIPT_OUTPUT_FILE_0}\"\n";
			showEnvVarsInLog = 0;
		};
		A50EA1D3463DC0E6BB672A46 /* [CP] Embed Pods Frameworks */ = {
			isa = PBXShellScriptBuildPhase;
			buildActionMask = 2147483647;
			files = (
			);
			inputPaths = (
				"${SRCROOT}/Pods/Target Support Files/Pods-ios_quickblox_file_uploader_downloader/Pods-ios_quickblox_file_uploader_downloader-frameworks.sh",
				"${BUILT_PRODUCTS_DIR}/ASIHTTPRequest/ASIHTTPRequest.framework",
				"${BUILT_PRODUCTS_DIR}/MBFileDownloader/MBFileDownloader.framework",
				"${BUILT_PRODUCTS_DIR}/Reachability/Reachability.framework",
			);
			name = "[CP] Embed Pods Frameworks";
			outputPaths = (
				"${TARGET_BUILD_DIR}/${FRAMEWORKS_FOLDER_PATH}/ASIHTTPRequest.framework",
				"${TARGET_BUILD_DIR}/${FRAMEWORKS_FOLDER_PATH}/MBFileDownloader.framework",
				"${TARGET_BUILD_DIR}/${FRAMEWORKS_FOLDER_PATH}/Reachability.framework",
			);
			runOnlyForDeploymentPostprocessing = 0;
			shellPath = /bin/sh;
			shellScript = "\"${SRCROOT}/Pods/Target Support Files/Pods-ios_quickblox_file_uploader_downloader/Pods-ios_quickblox_file_uploader_downloader-frameworks.sh\"\n";
			showEnvVarsInLog = 0;
		};
		AD2CCD2AE086A714FD319F13 /* [CP] Copy Pods Resources */ = {
			isa = PBXShellScriptBuildPhase;
			buildActionMask = 2147483647;
			files = (
			);
			inputPaths = (
			);
			name = "[CP] Copy Pods Resources";
			outputPaths = (
			);
			runOnlyForDeploymentPostprocessing = 0;
			shellPath = /bin/sh;
			shellScript = "\"${SRCROOT}/Pods/Target Support Files/Pods-ios_quickblox_file_uploader_downloader/Pods-ios_quickblox_file_uploader_downloader-resources.sh\"\n";
			showEnvVarsInLog = 0;
		};
		B284920CEB3C876C9BA15EF2 /* [CP] Embed Pods Frameworks */ = {
			isa = PBXShellScriptBuildPhase;
			buildActionMask = 2147483647;
			files = (
			);
			inputPaths = (
			);
			name = "[CP] Embed Pods Frameworks";
			outputPaths = (
			);
			runOnlyForDeploymentPostprocessing = 0;
			shellPath = /bin/sh;
			shellScript = "\"${SRCROOT}/Pods/Target Support Files/Pods-ios_quickblox_file_uploader_downloaderTests/Pods-ios_quickblox_file_uploader_downloaderTests-frameworks.sh\"\n";
			showEnvVarsInLog = 0;
		};
		DD196313FF030C8EEEBBEC85 /* [CP] Copy Pods Resources */ = {
			isa = PBXShellScriptBuildPhase;
			buildActionMask = 2147483647;
			files = (
			);
			inputPaths = (
			);
			name = "[CP] Copy Pods Resources";
			outputPaths = (
			);
			runOnlyForDeploymentPostprocessing = 0;
			shellPath = /bin/sh;
			shellScript = "\"${SRCROOT}/Pods/Target Support Files/Pods-ios_quickblox_file_uploader_downloaderTests/Pods-ios_quickblox_file_uploader_downloaderTests-resources.sh\"\n";
			showEnvVarsInLog = 0;
		};
/* End PBXShellScriptBuildPhase section */

/* Begin PBXSourcesBuildPhase section */
		6D64CCD81ADC395900E3D1D3 /* Sources */ = {
			isa = PBXSourcesBuildPhase;
			buildActionMask = 2147483647;
			files = (
				6D64CCE81ADC395900E3D1D3 /* ViewController.m in Sources */,
				6D64CCE51ADC395900E3D1D3 /* AppDelegate.m in Sources */,
				6D64CD071ADC3BE700E3D1D3 /* QuickBloxManager.m in Sources */,
				6D64CCE21ADC395900E3D1D3 /* main.m in Sources */,
			);
			runOnlyForDeploymentPostprocessing = 0;
		};
		6D64CCF11ADC395900E3D1D3 /* Sources */ = {
			isa = PBXSourcesBuildPhase;
			buildActionMask = 2147483647;
			files = (
				6D64CCFC1ADC395900E3D1D3 /* ios_quickblox_file_uploader_downloaderTests.m in Sources */,
			);
			runOnlyForDeploymentPostprocessing = 0;
		};
/* End PBXSourcesBuildPhase section */

/* Begin PBXTargetDependency section */
		6D64CCF71ADC395900E3D1D3 /* PBXTargetDependency */ = {
			isa = PBXTargetDependency;
			target = 6D64CCDB1ADC395900E3D1D3 /* ios_quickblox_file_uploader_downloader */;
			targetProxy = 6D64CCF61ADC395900E3D1D3 /* PBXContainerItemProxy */;
		};
/* End PBXTargetDependency section */

/* Begin PBXVariantGroup section */
		6D64CCE91ADC395900E3D1D3 /* Main.storyboard */ = {
			isa = PBXVariantGroup;
			children = (
				6D64CCEA1ADC395900E3D1D3 /* Base */,
			);
			name = Main.storyboard;
			sourceTree = "<group>";
		};
		6D64CCEE1ADC395900E3D1D3 /* LaunchScreen.xib */ = {
			isa = PBXVariantGroup;
			children = (
				6D64CCEF1ADC395900E3D1D3 /* Base */,
			);
			name = LaunchScreen.xib;
			sourceTree = "<group>";
		};
/* End PBXVariantGroup section */

/* Begin XCBuildConfiguration section */
		6D64CCFD1ADC395900E3D1D3 /* Debug */ = {
			isa = XCBuildConfiguration;
			buildSettings = {
				ALWAYS_SEARCH_USER_PATHS = NO;
				CLANG_CXX_LANGUAGE_STANDARD = "gnu++0x";
				CLANG_CXX_LIBRARY = "libc++";
				CLANG_ENABLE_MODULES = YES;
				CLANG_ENABLE_OBJC_ARC = YES;
				CLANG_WARN_BLOCK_CAPTURE_AUTORELEASING = YES;
				CLANG_WARN_BOOL_CONVERSION = YES;
				CLANG_WARN_COMMA = YES;
				CLANG_WARN_CONSTANT_CONVERSION = YES;
				CLANG_WARN_DIRECT_OBJC_ISA_USAGE = YES_ERROR;
				CLANG_WARN_EMPTY_BODY = YES;
				CLANG_WARN_ENUM_CONVERSION = YES;
				CLANG_WARN_INFINITE_RECURSION = YES;
				CLANG_WARN_INT_CONVERSION = YES;
				CLANG_WARN_NON_LITERAL_NULL_CONVERSION = YES;
				CLANG_WARN_OBJC_LITERAL_CONVERSION = YES;
				CLANG_WARN_OBJC_ROOT_CLASS = YES_ERROR;
				CLANG_WARN_RANGE_LOOP_ANALYSIS = YES;
				CLANG_WARN_STRICT_PROTOTYPES = YES;
				CLANG_WARN_SUSPICIOUS_MOVE = YES;
				CLANG_WARN_UNREACHABLE_CODE = YES;
				CLANG_WARN__DUPLICATE_METHOD_MATCH = YES;
				"CODE_SIGN_IDENTITY[sdk=iphoneos*]" = "iPhone Developer";
				COPY_PHASE_STRIP = NO;
				DEBUG_INFORMATION_FORMAT = "dwarf-with-dsym";
				ENABLE_STRICT_OBJC_MSGSEND = YES;
				ENABLE_TESTABILITY = YES;
				GCC_C_LANGUAGE_STANDARD = gnu99;
				GCC_DYNAMIC_NO_PIC = NO;
				GCC_NO_COMMON_BLOCKS = YES;
				GCC_OPTIMIZATION_LEVEL = 0;
				GCC_PREPROCESSOR_DEFINITIONS = (
					"DEBUG=1",
					"$(inherited)",
				);
				GCC_SYMBOLS_PRIVATE_EXTERN = NO;
				GCC_WARN_64_TO_32_BIT_CONVERSION = YES;
				GCC_WARN_ABOUT_RETURN_TYPE = YES_ERROR;
				GCC_WARN_UNDECLARED_SELECTOR = YES;
				GCC_WARN_UNINITIALIZED_AUTOS = YES_AGGRESSIVE;
				GCC_WARN_UNUSED_FUNCTION = YES;
				GCC_WARN_UNUSED_VARIABLE = YES;
				IPHONEOS_DEPLOYMENT_TARGET = 8.3;
				MTL_ENABLE_DEBUG_INFO = YES;
				ONLY_ACTIVE_ARCH = YES;
				SDKROOT = iphoneos;
				TARGETED_DEVICE_FAMILY = "1,2";
			};
			name = Debug;
		};
		6D64CCFE1ADC395900E3D1D3 /* Release */ = {
			isa = XCBuildConfiguration;
			buildSettings = {
				ALWAYS_SEARCH_USER_PATHS = NO;
				CLANG_CXX_LANGUAGE_STANDARD = "gnu++0x";
				CLANG_CXX_LIBRARY = "libc++";
				CLANG_ENABLE_MODULES = YES;
				CLANG_ENABLE_OBJC_ARC = YES;
				CLANG_WARN_BLOCK_CAPTURE_AUTORELEASING = YES;
				CLANG_WARN_BOOL_CONVERSION = YES;
				CLANG_WARN_COMMA = YES;
				CLANG_WARN_CONSTANT_CONVERSION = YES;
				CLANG_WARN_DIRECT_OBJC_ISA_USAGE = YES_ERROR;
				CLANG_WARN_EMPTY_BODY = YES;
				CLANG_WARN_ENUM_CONVERSION = YES;
				CLANG_WARN_INFINITE_RECURSION = YES;
				CLANG_WARN_INT_CONVERSION = YES;
				CLANG_WARN_NON_LITERAL_NULL_CONVERSION = YES;
				CLANG_WARN_OBJC_LITERAL_CONVERSION = YES;
				CLANG_WARN_OBJC_ROOT_CLASS = YES_ERROR;
				CLANG_WARN_RANGE_LOOP_ANALYSIS = YES;
				CLANG_WARN_STRICT_PROTOTYPES = YES;
				CLANG_WARN_SUSPICIOUS_MOVE = YES;
				CLANG_WARN_UNREACHABLE_CODE = YES;
				CLANG_WARN__DUPLICATE_METHOD_MATCH = YES;
				"CODE_SIGN_IDENTITY[sdk=iphoneos*]" = "iPhone Developer";
				COPY_PHASE_STRIP = NO;
				DEBUG_INFORMATION_FORMAT = "dwarf-with-dsym";
				ENABLE_NS_ASSERTIONS = NO;
				ENABLE_STRICT_OBJC_MSGSEND = YES;
				GCC_C_LANGUAGE_STANDARD = gnu99;
				GCC_NO_COMMON_BLOCKS = YES;
				GCC_WARN_64_TO_32_BIT_CONVERSION = YES;
				GCC_WARN_ABOUT_RETURN_TYPE = YES_ERROR;
				GCC_WARN_UNDECLARED_SELECTOR = YES;
				GCC_WARN_UNINITIALIZED_AUTOS = YES_AGGRESSIVE;
				GCC_WARN_UNUSED_FUNCTION = YES;
				GCC_WARN_UNUSED_VARIABLE = YES;
				IPHONEOS_DEPLOYMENT_TARGET = 8.3;
				MTL_ENABLE_DEBUG_INFO = NO;
				SDKROOT = iphoneos;
				TARGETED_DEVICE_FAMILY = "1,2";
				VALIDATE_PRODUCT = YES;
			};
			name = Release;
		};
		6D64CD001ADC395900E3D1D3 /* Debug */ = {
			isa = XCBuildConfiguration;
			baseConfigurationReference = 08CD200E509C603A6B476847 /* Pods-ios_quickblox_file_uploader_downloader.debug.xcconfig */;
			buildSettings = {
				ASSETCATALOG_COMPILER_APPICON_NAME = AppIcon;
				INFOPLIST_FILE = ios_quickblox_file_uploader_downloader/Info.plist;
				LD_RUNPATH_SEARCH_PATHS = "$(inherited) @executable_path/Frameworks";
				PRODUCT_BUNDLE_IDENTIFIER = "maximbilan.$(PRODUCT_NAME:rfc1034identifier)";
				PRODUCT_NAME = "$(TARGET_NAME)";
			};
			name = Debug;
		};
		6D64CD011ADC395900E3D1D3 /* Release */ = {
			isa = XCBuildConfiguration;
			baseConfigurationReference = E325E2BF4C2036940E1DF424 /* Pods-ios_quickblox_file_uploader_downloader.release.xcconfig */;
			buildSettings = {
				ASSETCATALOG_COMPILER_APPICON_NAME = AppIcon;
				INFOPLIST_FILE = ios_quickblox_file_uploader_downloader/Info.plist;
				LD_RUNPATH_SEARCH_PATHS = "$(inherited) @executable_path/Frameworks";
				PRODUCT_BUNDLE_IDENTIFIER = "maximbilan.$(PRODUCT_NAME:rfc1034identifier)";
				PRODUCT_NAME = "$(TARGET_NAME)";
			};
			name = Release;
		};
		6D64CD031ADC395900E3D1D3 /* Debug */ = {
			isa = XCBuildConfiguration;
			baseConfigurationReference = 0903D8B987AFB7D6EC39A8F7 /* Pods-ios_quickblox_file_uploader_downloaderTests.debug.xcconfig */;
			buildSettings = {
				BUNDLE_LOADER = "$(TEST_HOST)";
				FRAMEWORK_SEARCH_PATHS = "$(inherited)";
				GCC_PREPROCESSOR_DEFINITIONS = (
					"DEBUG=1",
					"$(inherited)",
				);
				INFOPLIST_FILE = ios_quickblox_file_uploader_downloaderTests/Info.plist;
				LD_RUNPATH_SEARCH_PATHS = "$(inherited) @executable_path/Frameworks @loader_path/Frameworks";
				PRODUCT_BUNDLE_IDENTIFIER = "maximbilan.$(PRODUCT_NAME:rfc1034identifier)";
				PRODUCT_NAME = "$(TARGET_NAME)";
				TEST_HOST = "$(BUILT_PRODUCTS_DIR)/ios_quickblox_file_uploader_downloader.app/ios_quickblox_file_uploader_downloader";
			};
			name = Debug;
		};
		6D64CD041ADC395900E3D1D3 /* Release */ = {
			isa = XCBuildConfiguration;
			baseConfigurationReference = 33CD38D45C46FE193A6A632D /* Pods-ios_quickblox_file_uploader_downloaderTests.release.xcconfig */;
			buildSettings = {
				BUNDLE_LOADER = "$(TEST_HOST)";
				FRAMEWORK_SEARCH_PATHS = "$(inherited)";
				INFOPLIST_FILE = ios_quickblox_file_uploader_downloaderTests/Info.plist;
				LD_RUNPATH_SEARCH_PATHS = "$(inherited) @executable_path/Frameworks @loader_path/Frameworks";
				PRODUCT_BUNDLE_IDENTIFIER = "maximbilan.$(PRODUCT_NAME:rfc1034identifier)";
				PRODUCT_NAME = "$(TARGET_NAME)";
				TEST_HOST = "$(BUILT_PRODUCTS_DIR)/ios_quickblox_file_uploader_downloader.app/ios_quickblox_file_uploader_downloader";
			};
			name = Release;
		};
/* End XCBuildConfiguration section */

/* Begin XCConfigurationList section */
		6D64CCD71ADC395900E3D1D3 /* Build configuration list for PBXProject "ios_quickblox_file_uploader_downloader" */ = {
			isa = XCConfigurationList;
			buildConfigurations = (
				6D64CCFD1ADC395900E3D1D3 /* Debug */,
				6D64CCFE1ADC395900E3D1D3 /* Release */,
			);
			defaultConfigurationIsVisible = 0;
			defaultConfigurationName = Release;
		};
		6D64CCFF1ADC395900E3D1D3 /* Build configuration list for PBXNativeTarget "ios_quickblox_file_uploader_downloader" */ = {
			isa = XCConfigurationList;
			buildConfigurations = (
				6D64CD001ADC395900E3D1D3 /* Debug */,
				6D64CD011ADC395900E3D1D3 /* Release */,
			);
			defaultConfigurationIsVisible = 0;
			defaultConfigurationName = Release;
		};
		6D64CD021ADC395900E3D1D3 /* Build configuration list for PBXNativeTarget "ios_quickblox_file_uploader_downloaderTests" */ = {
			isa = XCConfigurationList;
			buildConfigurations = (
				6D64CD031ADC395900E3D1D3 /* Debug */,
				6D64CD041ADC395900E3D1D3 /* Release */,
			);
			defaultConfigurationIsVisible = 0;
			defaultConfigurationName = Release;
		};
/* End XCConfigurationList section */
	};
	rootObject = 6D64CCD41ADC395900E3D1D3 /* Project object */;
}
